
Microsoft Visual Studio Solution File, Format Version 12.00
# Visual Studio Version 16
VisualStudioVersion = 16.0.30611.23
MinimumVisualStudioVersion = 10.0.40219.1
Project("{FAE04EC0-301F-11D3-BF4B-00C04F79EFBC}") = "Blackpeter", "Blackpeter\Blackpeter.csproj", "{FA0831DD-74B1-46E3-8B3F-E37222A6328C}"
EndProject
Global
	GlobalSection(SolutionConfigurationPlatforms) = preSolution
		Debug|Any CPU = Debug|Any CPU
		Release|Any CPU = Release|Any CPU
	EndGlobalSection
	GlobalSection(ProjectConfigurationPlatforms) = postSolution
		{FA0831DD-74B1-46E3-8B3F-E37222A6328C}.Debug|Any CPU.ActiveCfg = Debug|Any CPU
		{FA0831DD-74B1-46E3-8B3F-E37222A6328C}.Debug|Any CPU.Build.0 = Debug|Any CPU
		{FA0831DD-74B1-46E3-8B3F-E37222A6328C}.Release|Any CPU.ActiveCfg = Release|Any CPU
		{FA0831DD-74B1-46E3-8B3F-E37222A6328C}.Release|Any CPU.Build.0 = Release|Any CPU
	EndGlobalSection
	GlobalSection(SolutionProperties) = preSolution
		HideSolutionNode = FALSE
	EndGlobalSection
	GlobalSection(ExtensibilityGlobals) = postSolution
		SolutionGuid = {395A5227-6022-4FFF-9F16-B369B976ED4E}
	EndGlobalSection
EndGlobal
